{
  "name": "selenium-appium",
  "version": "0.0.12",
  "lockfileVersion": 1,
  "requires": true,
  "dependencies": {
    "@types/selenium-webdriver": {
      "version": "4.0.2",
      "resolved": "https://registry.npmjs.org/@types/selenium-webdriver/-/selenium-webdriver-4.0.2.tgz",
      "integrity": "sha512-N8u76LXU6KmxdfKEhOvK/dNtWUg7aeXrQVRRhVqO1V4gYN7zL6SPPJC3GmauyxYnJtsG1BCegQK77pRwieLVhw==",
      "dev": true
    },
    "typescript": {
      "version": "3.5.3",
      "resolved": "https://registry.npmjs.org/typescript/-/typescript-3.5.3.tgz",
      "integrity": "sha512-ACzBtm/PhXBDId6a6sDJfroT2pOWt/oOnk4/dElG5G33ZL776N3Y6/6bKZJBFpd+b05F3Ct9qDjMeJmRWtE2/g==",
      "dev": true
    }
  }
}
