{
  "name": "selenium-appium",
  "version": "0.0.15",
  "lockfileVersion": 1,
  "requires": true,
  "dependencies": {
    "@types/selenium-webdriver": {
      "version": "4.0.5",
      "resolved": "https://registry.npmjs.org/@types/selenium-webdriver/-/selenium-webdriver-4.0.5.tgz",
      "integrity": "sha512-ma1aL1znI3ptEbSQgbywgadrRCJouPIACSfOl/bPwu/TPNSyyE/+o9jZ6+bpDVTtIdksZuVKpq4SR1ip3DRduw==",
      "dev": true
    },
    "typescript": {
      "version": "3.6.3",
      "resolved": "https://registry.npmjs.org/typescript/-/typescript-3.6.3.tgz",
      "integrity": "sha512-N7bceJL1CtRQ2RiG0AQME13ksR7DiuQh/QehubYcghzv20tnh+MQnQIuJddTmsbqYj+dztchykemz0zFzlvdQw==",
      "dev": true
    }
  }
}
