{
  "name": "selenium-appium",
  "version": "0.0.15",
  "lockfileVersion": 1,
  "requires": true,
  "dependencies": {
    "@types/selenium-webdriver": {
      "version": "4.0.10",
      "resolved": "https://registry.npmjs.org/@types/selenium-webdriver/-/selenium-webdriver-4.0.10.tgz",
      "integrity": "sha512-Xavn3fE+uM2aeIHtefIwpy0zAf2HQOyip/jU7ZR0ailt/B0ww/TJ6yMnfZ5pM0F4+Kx+9AQSnxQio3P5QAl1yQ==",
      "dev": true
    },
    "typescript": {
      "version": "4.0.5",
      "resolved": "https://registry.npmjs.org/typescript/-/typescript-4.0.5.tgz",
      "integrity": "sha512-ywmr/VrTVCmNTJ6iV2LwIrfG1P+lv6luD8sUJs+2eI9NLGigaN+nUQc13iHqisq7bra9lnmUSYqbJvegraBOPQ==",
      "dev": true
    }
  }
}
