# THIS IS AN AUTOGENERATED FILE. DO NOT EDIT THIS FILE DIRECTLY.
# yarn lockfile v1


"@types/selenium-webdriver@^4.0.1":
  version "4.0.2"
  resolved "https://registry.yarnpkg.com/@types/selenium-webdriver/-/selenium-webdriver-4.0.2.tgz#620419110e545bf54237a91161a8356bc4c65db3"
  integrity sha512-N8u76LXU6KmxdfKEhOvK/dNtWUg7aeXrQVRRhVqO1V4gYN7zL6SPPJC3GmauyxYnJtsG1BCegQK77pRwieLVhw==

typescript@^3.5.3:
  version "3.9.2"
  resolved "https://registry.yarnpkg.com/typescript/-/typescript-3.9.2.tgz#64e9c8e9be6ea583c54607677dd4680a1cf35db9"
  integrity sha512-q2ktq4n/uLuNNShyayit+DTobV2ApPEo/6so68JaD5ojvc/6GClBipedB9zNWYxRSAlZXAe405Rlijzl6qDiSw==
