# THIS IS AN AUTOGENERATED FILE. DO NOT EDIT THIS FILE DIRECTLY.
# yarn lockfile v1


"@types/selenium-webdriver@^4.0.1":
  version "4.0.9"
  resolved "https://registry.yarnpkg.com/@types/selenium-webdriver/-/selenium-webdriver-4.0.9.tgz#12621e55b2ef8f6c98bd17fe23fa720c6cba16bd"
  integrity sha512-HopIwBE7GUXsscmt/J0DhnFXLSmO04AfxT6b8HAprknwka7pqEWquWDMXxCjd+NUHK9MkCe1SDKKsMiNmCItbQ==

typescript@^3.5.3:
  version "3.5.3"
  resolved "https://registry.yarnpkg.com/typescript/-/typescript-3.5.3.tgz#c830f657f93f1ea846819e929092f5fe5983e977"
  integrity sha512-ACzBtm/PhXBDId6a6sDJfroT2pOWt/oOnk4/dElG5G33ZL776N3Y6/6bKZJBFpd+b05F3Ct9qDjMeJmRWtE2/g==
