# THIS IS AN AUTOGENERATED FILE. DO NOT EDIT THIS FILE DIRECTLY.
# yarn lockfile v1


"@types/selenium-webdriver@^4.0.1":
  version "4.0.2"
  resolved "https://registry.yarnpkg.com/@types/selenium-webdriver/-/selenium-webdriver-4.0.2.tgz#620419110e545bf54237a91161a8356bc4c65db3"
  integrity sha512-N8u76LXU6KmxdfKEhOvK/dNtWUg7aeXrQVRRhVqO1V4gYN7zL6SPPJC3GmauyxYnJtsG1BCegQK77pRwieLVhw==

typescript@^3.5.3:
  version "3.9.5"
  resolved "https://registry.yarnpkg.com/typescript/-/typescript-3.9.5.tgz#586f0dba300cde8be52dd1ac4f7e1009c1b13f36"
  integrity sha512-hSAifV3k+i6lEoCJ2k6R2Z/rp/H3+8sdmcn5NrS3/3kE7+RyZXm9aqvxWqjEXHAd8b0pShatpcdMTvEdvAJltQ==
